
Microsoft Visual Studio Solution File, Format Version 12.00
# Visual Studio 15
VisualStudioVersion = 15.0.27130.2036
MinimumVisualStudioVersion = 10.0.40219.1
Project("{FAE04EC0-301F-11D3-BF4B-00C04F79EFBC}") = "Collection", "Collection\Collection.csproj", "{A101271B-E15D-413D-A554-3FEF15F5827F}"
EndProject
Global
	GlobalSection(SolutionConfigurationPlatforms) = preSolution
		Debug|Any CPU = Debug|Any CPU
		Release|Any CPU = Release|Any CPU
	EndGlobalSection
	GlobalSection(ProjectConfigurationPlatforms) = postSolution
		{A101271B-E15D-413D-A554-3FEF15F5827F}.Debug|Any CPU.ActiveCfg = Debug|Any CPU
		{A101271B-E15D-413D-A554-3FEF15F5827F}.Debug|Any CPU.Build.0 = Debug|Any CPU
		{A101271B-E15D-413D-A554-3FEF15F5827F}.Release|Any CPU.ActiveCfg = Release|Any CPU
		{A101271B-E15D-413D-A554-3FEF15F5827F}.Release|Any CPU.Build.0 = Release|Any CPU
	EndGlobalSection
	GlobalSection(SolutionProperties) = preSolution
		HideSolutionNode = FALSE
	EndGlobalSection
	GlobalSection(ExtensibilityGlobals) = postSolution
		SolutionGuid = {9F639ABA-A0F7-476D-8C76-C22F216070F9}
	EndGlobalSection
EndGlobal
